
Microsoft Visual Studio Solution File, Format Version 12.00
# Visual Studio 15
VisualStudioVersion = 15.0.28307.1062
MinimumVisualStudioVersion = 10.0.40219.1
Project("{FAE04EC0-301F-11D3-BF4B-00C04F79EFBC}") = "PSBuildEntities", "PSBuildEntities\PSBuildEntities.csproj", "{492C778B-288C-492D-AAE9-373D17CEE32A}"
EndProject
Global
	GlobalSection(SolutionConfigurationPlatforms) = preSolution
		Debug|Any CPU = Debug|Any CPU
		Release|Any CPU = Release|Any CPU
	EndGlobalSection
	GlobalSection(ProjectConfigurationPlatforms) = postSolution
		{492C778B-288C-492D-AAE9-373D17CEE32A}.Debug|Any CPU.ActiveCfg = Debug|Any CPU
		{492C778B-288C-492D-AAE9-373D17CEE32A}.Debug|Any CPU.Build.0 = Debug|Any CPU
		{492C778B-288C-492D-AAE9-373D17CEE32A}.Release|Any CPU.ActiveCfg = Release|Any CPU
		{492C778B-288C-492D-AAE9-373D17CEE32A}.Release|Any CPU.Build.0 = Release|Any CPU
	EndGlobalSection
	GlobalSection(SolutionProperties) = preSolution
		HideSolutionNode = FALSE
	EndGlobalSection
	GlobalSection(ExtensibilityGlobals) = postSolution
		SolutionGuid = {4D3A194E-E8CA-45B1-84B2-2B0C0A78B63C}
	EndGlobalSection
EndGlobal
